
Microsoft Visual Studio Solution File, Format Version 12.00
# Visual Studio Version 16
VisualStudioVersion = 16.0.30503.244
MinimumVisualStudioVersion = 10.0.40219.1
Project("{888888A0-9F3D-457C-B088-3A5042F75D52}") = "Papichbot", "Papichbot\Papichbot.pyproj", "{58A465F2-CCF4-4FE4-A13F-A7D0F3C3E963}"
EndProject
Global
	GlobalSection(SolutionConfigurationPlatforms) = preSolution
		Debug|Any CPU = Debug|Any CPU
		Release|Any CPU = Release|Any CPU
	EndGlobalSection
	GlobalSection(ProjectConfigurationPlatforms) = postSolution
		{58A465F2-CCF4-4FE4-A13F-A7D0F3C3E963}.Debug|Any CPU.ActiveCfg = Debug|Any CPU
		{58A465F2-CCF4-4FE4-A13F-A7D0F3C3E963}.Release|Any CPU.ActiveCfg = Release|Any CPU
	EndGlobalSection
	GlobalSection(SolutionProperties) = preSolution
		HideSolutionNode = FALSE
	EndGlobalSection
	GlobalSection(ExtensibilityGlobals) = postSolution
		SolutionGuid = {E273EB89-25A6-4D27-8B8C-4AAB596C082D}
	EndGlobalSection
EndGlobal
